{
  "name": "mqtt-broker",
  "version": "1.0.0",
  "lockfileVersion": 1,
  "requires": true,
  "dependencies": {
    "aedes": {
      "version": "0.46.1",
      "resolved": "https://registry.nlark.com/aedes/download/aedes-0.46.1.tgz",
      "integrity": "sha1-isbtpKWyptOnLonXktOjjIo3I8g=",
      "requires": {
        "aedes-packet": "^2.3.1",
        "aedes-persistence": "^8.1.3",
        "bulk-write-stream": "^2.0.1",
        "end-of-stream": "^1.4.4",
        "fastfall": "^1.5.1",
        "fastparallel": "^2.4.0",
        "fastseries": "^2.0.0",
        "hyperid": "^2.1.0",
        "mqemitter": "^4.4.1",
        "mqtt-packet": "^7.0.0",
        "readable-stream": "^3.6.0",
        "retimer": "^3.0.0",
        "reusify": "^1.0.4",
        "uuid": "^8.3.2"
      },
      "dependencies": {
        "mqtt-packet": {
          "version": "7.1.1",
          "resolved": "https://registry.nlark.com/mqtt-packet/download/mqtt-packet-7.1.1.tgz",
          "integrity": "sha1-OmEl9Rnv5wqNIOVcj648SuOoTd0=",
          "requires": {
            "bl": "^4.0.2",
            "debug": "^4.1.1",
            "process-nextick-args": "^2.0.1"
          }
        }
      }
    },
    "aedes-packet": {
      "version": "2.3.1",
      "resolved": "https://registry.npm.taobao.org/aedes-packet/download/aedes-packet-2.3.1.tgz",
      "integrity": "sha1-h5FvslYYxjoobufO4mAGL7dHHW0=",
      "requires": {
        "mqtt-packet": "^6.3.0"
      }
    },
    "aedes-persistence": {
      "version": "8.1.3",
      "resolved": "https://registry.npm.taobao.org/aedes-persistence/download/aedes-persistence-8.1.3.tgz",
      "integrity": "sha1-PHmB3Nv9M9XkWT0NOG9MMG5ESx4=",
      "requires": {
        "aedes-packet": "^2.3.1",
        "from2": "^2.3.0",
        "qlobber": "^5.0.3"
      }
    },
    "balanced-match": {
      "version": "1.0.2",
      "resolved": "https://registry.nlark.com/balanced-match/download/balanced-match-1.0.2.tgz",
      "integrity": "sha1-6D46fj8wCzTLnYf2FfoMvzV2kO4="
    },
    "base64-js": {
      "version": "1.5.1",
      "resolved": "https://registry.npm.taobao.org/base64-js/download/base64-js-1.5.1.tgz",
      "integrity": "sha1-GxtEAWClv3rUC2UPCVljSBkDkwo="
    },
    "bl": {
      "version": "4.1.0",
      "resolved": "https://registry.nlark.com/bl/download/bl-4.1.0.tgz",
      "integrity": "sha1-RRU1JkGCvsL7vIOmKrmM8R2fezo=",
      "requires": {
        "buffer": "^5.5.0",
        "inherits": "^2.0.4",
        "readable-stream": "^3.4.0"
      }
    },
    "brace-expansion": {
      "version": "1.1.11",
      "resolved": "https://registry.npm.taobao.org/brace-expansion/download/brace-expansion-1.1.11.tgz",
      "integrity": "sha1-PH/L9SnYcibz0vUrlm/1Jx60Qd0=",
      "requires": {
        "balanced-match": "^1.0.0",
        "concat-map": "0.0.1"
      }
    },
    "buffer": {
      "version": "5.7.1",
      "resolved": "https://registry.npm.taobao.org/buffer/download/buffer-5.7.1.tgz",
      "integrity": "sha1-umLnwTEzBTWCGXFghRqPZI6Z7tA=",
      "requires": {
        "base64-js": "^1.3.1",
        "ieee754": "^1.1.13"
      }
    },
    "buffer-from": {
      "version": "1.1.2",
      "resolved": "https://registry.nlark.com/buffer-from/download/buffer-from-1.1.2.tgz",
      "integrity": "sha1-KxRqb9cugLT1XSVfNe1Zo6mkG9U="
    },
    "bulk-write-stream": {
      "version": "2.0.1",
      "resolved": "https://registry.npm.taobao.org/bulk-write-stream/download/bulk-write-stream-2.0.1.tgz",
      "integrity": "sha1-CFvcZcrxnO7OT/Nl/blR7wxuPbg=",
      "requires": {
        "inherits": "^2.0.3",
        "readable-stream": "^3.1.1"
      }
    },
    "commist": {
      "version": "1.1.0",
      "resolved": "https://registry.nlark.com/commist/download/commist-1.1.0.tgz",
      "integrity": "sha1-F4EexpePbBXuTegMRcm+t3zuNdU=",
      "requires": {
        "leven": "^2.1.0",
        "minimist": "^1.1.0"
      }
    },
    "concat-map": {
      "version": "0.0.1",
      "resolved": "https://registry.npm.taobao.org/concat-map/download/concat-map-0.0.1.tgz",
      "integrity": "sha1-2Klr13/Wjfd5OnMDajug1UBdR3s="
    },
    "concat-stream": {
      "version": "2.0.0",
      "resolved": "https://registry.npm.taobao.org/concat-stream/download/concat-stream-2.0.0.tgz",
      "integrity": "sha1-QUz1r3kKSMYKub5FJ9VtXkETPLE=",
      "requires": {
        "buffer-from": "^1.0.0",
        "inherits": "^2.0.3",
        "readable-stream": "^3.0.2",
        "typedarray": "^0.0.6"
      }
    },
    "core-util-is": {
      "version": "1.0.3",
      "resolved": "https://registry.nlark.com/core-util-is/download/core-util-is-1.0.3.tgz?cache=0&sync_timestamp=1630420570787&other_urls=https%3A%2F%2Fregistry.nlark.com%2Fcore-util-is%2Fdownload%2Fcore-util-is-1.0.3.tgz",
      "integrity": "sha1-pgQtNjTCsn6TKPg3uWX6yDgI24U="
    },
    "debug": {
      "version": "4.3.2",
      "resolved": "https://registry.nlark.com/debug/download/debug-4.3.2.tgz?cache=0&sync_timestamp=1625374632845&other_urls=https%3A%2F%2Fregistry.nlark.com%2Fdebug%2Fdownload%2Fdebug-4.3.2.tgz",
      "integrity": "sha1-8KScGKyHeeMdSgxgKd+3aHPHQos=",
      "requires": {
        "ms": "2.1.2"
      }
    },
    "duplexify": {
      "version": "4.1.2",
      "resolved": "https://registry.nlark.com/duplexify/download/duplexify-4.1.2.tgz",
      "integrity": "sha1-GLT40oKJEy+guVc8iY2fkD+Bx7A=",
      "requires": {
        "end-of-stream": "^1.4.1",
        "inherits": "^2.0.3",
        "readable-stream": "^3.1.1",
        "stream-shift": "^1.0.0"
      }
    },
    "end-of-stream": {
      "version": "1.4.4",
      "resolved": "https://registry.npm.taobao.org/end-of-stream/download/end-of-stream-1.4.4.tgz",
      "integrity": "sha1-WuZKX0UFe682JuwU2gyl5LJDHrA=",
      "requires": {
        "once": "^1.4.0"
      }
    },
    "fastfall": {
      "version": "1.5.1",
      "resolved": "https://registry.nlark.com/fastfall/download/fastfall-1.5.1.tgz",
      "integrity": "sha1-P+4DMxpJ0dObPN96XpzWb0dee5Q=",
      "requires": {
        "reusify": "^1.0.0"
      }
    },
    "fastparallel": {
      "version": "2.4.1",
      "resolved": "https://registry.npmmirror.com/fastparallel/download/fastparallel-2.4.1.tgz",
      "integrity": "sha1-DZhKWBP/pn8wtKXLTLjL5hx+5aU=",
      "requires": {
        "reusify": "^1.0.4",
        "xtend": "^4.0.2"
      }
    },
    "fastseries": {
      "version": "2.0.0",
      "resolved": "https://registry.npm.taobao.org/fastseries/download/fastseries-2.0.0.tgz",
      "integrity": "sha1-1D65dfYXXdg0V9HWj70w+Tbsfys="
    },
    "from2": {
      "version": "2.3.0",
      "resolved": "https://registry.npm.taobao.org/from2/download/from2-2.3.0.tgz",
      "integrity": "sha1-i/tVAr3kpNNs/e6gB/zKIdfjgq8=",
      "requires": {
        "inherits": "^2.0.1",
        "readable-stream": "^2.0.0"
      },
      "dependencies": {
        "readable-stream": {
          "version": "2.3.7",
          "resolved": "https://registry.npm.taobao.org/readable-stream/download/readable-stream-2.3.7.tgz?cache=0&sync_timestamp=1581622984924&other_urls=https%3A%2F%2Fregistry.npm.taobao.org%2Freadable-stream%2Fdownload%2Freadable-stream-2.3.7.tgz",
          "integrity": "sha1-Hsoc9xGu+BTAT2IlKjamL2yyO1c=",
          "requires": {
            "core-util-is": "~1.0.0",
            "inherits": "~2.0.3",
            "isarray": "~1.0.0",
            "process-nextick-args": "~2.0.0",
            "safe-buffer": "~5.1.1",
            "string_decoder": "~1.1.1",
            "util-deprecate": "~1.0.1"
          }
        },
        "safe-buffer": {
          "version": "5.1.2",
          "resolved": "https://registry.npm.taobao.org/safe-buffer/download/safe-buffer-5.1.2.tgz?cache=0&sync_timestamp=1589129103371&other_urls=https%3A%2F%2Fregistry.npm.taobao.org%2Fsafe-buffer%2Fdownload%2Fsafe-buffer-5.1.2.tgz",
          "integrity": "sha1-mR7GnSluAxN0fVm9/St0XDX4go0="
        },
        "string_decoder": {
          "version": "1.1.1",
          "resolved": "https://registry.npm.taobao.org/string_decoder/download/string_decoder-1.1.1.tgz",
          "integrity": "sha1-nPFhG6YmhdcDCunkujQUnDrwP8g=",
          "requires": {
            "safe-buffer": "~5.1.0"
          }
        }
      }
    },
    "fs.realpath": {
      "version": "1.0.0",
      "resolved": "https://registry.npm.taobao.org/fs.realpath/download/fs.realpath-1.0.0.tgz",
      "integrity": "sha1-FQStJSMVjKpA20onh8sBQRmU6k8="
    },
    "glob": {
      "version": "7.2.0",
      "resolved": "https://registry.npmmirror.com/glob/download/glob-7.2.0.tgz?cache=0&sync_timestamp=1632353796482&other_urls=https%3A%2F%2Fregistry.npmmirror.com%2Fglob%2Fdownload%2Fglob-7.2.0.tgz",
      "integrity": "sha1-0VU1r3cy4C6Uj0xBYovZECk/YCM=",
      "requires": {
        "fs.realpath": "^1.0.0",
        "inflight": "^1.0.4",
        "inherits": "2",
        "minimatch": "^3.0.4",
        "once": "^1.3.0",
        "path-is-absolute": "^1.0.0"
      }
    },
    "help-me": {
      "version": "3.0.0",
      "resolved": "https://registry.nlark.com/help-me/download/help-me-3.0.0.tgz",
      "integrity": "sha1-mAPIG180atK84sagugG4IlfTGeg=",
      "requires": {
        "glob": "^7.1.6",
        "readable-stream": "^3.6.0"
      }
    },
    "hyperid": {
      "version": "2.3.1",
      "resolved": "https://registry.nlark.com/hyperid/download/hyperid-2.3.1.tgz",
      "integrity": "sha1-cMwskXtjZ8n3MHcYviQ7woslg1M=",
      "requires": {
        "uuid": "^8.3.2",
        "uuid-parse": "^1.1.0"
      }
    },
    "ieee754": {
      "version": "1.2.1",
      "resolved": "https://registry.npm.taobao.org/ieee754/download/ieee754-1.2.1.tgz?cache=0&sync_timestamp=1603838235461&other_urls=https%3A%2F%2Fregistry.npm.taobao.org%2Fieee754%2Fdownload%2Fieee754-1.2.1.tgz",
      "integrity": "sha1-jrehCmP/8l0VpXsAFYbRd9Gw01I="
    },
    "inflight": {
      "version": "1.0.6",
      "resolved": "https://registry.npm.taobao.org/inflight/download/inflight-1.0.6.tgz",
      "integrity": "sha1-Sb1jMdfQLQwJvJEKEHW6gWW1bfk=",
      "requires": {
        "once": "^1.3.0",
        "wrappy": "1"
      }
    },
    "inherits": {
      "version": "2.0.4",
      "resolved": "https://registry.npm.taobao.org/inherits/download/inherits-2.0.4.tgz",
      "integrity": "sha1-D6LGT5MpF8NDOg3tVTY6rjdBa3w="
    },
    "isarray": {
      "version": "1.0.0",
      "resolved": "https://registry.npm.taobao.org/isarray/download/isarray-1.0.0.tgz",
      "integrity": "sha1-u5NdSFgsuhaMBoNJV6VKPgcSTxE="
    },
    "leven": {
      "version": "2.1.0",
      "resolved": "https://registry.nlark.com/leven/download/leven-2.1.0.tgz?cache=0&sync_timestamp=1628597847220&other_urls=https%3A%2F%2Fregistry.nlark.com%2Fleven%2Fdownload%2Fleven-2.1.0.tgz",
      "integrity": "sha1-wuep93IJTe6dNCAq6KzORoeHVYA="
    },
    "minimatch": {
      "version": "3.0.4",
      "resolved": "https://registry.npm.taobao.org/minimatch/download/minimatch-3.0.4.tgz",
      "integrity": "sha1-UWbihkV/AzBgZL5Ul+jbsMPTIIM=",
      "requires": {
        "brace-expansion": "^1.1.7"
      }
    },
    "minimist": {
      "version": "1.2.5",
      "resolved": "https://registry.npm.taobao.org/minimist/download/minimist-1.2.5.tgz",
      "integrity": "sha1-Z9ZgFLZqaoqqDAg8X9WN9OTpdgI="
    },
    "mqemitter": {
      "version": "4.5.0",
      "resolved": "https://registry.npmmirror.com/mqemitter/download/mqemitter-4.5.0.tgz",
      "integrity": "sha1-/+dM3w4+iLbzep3+S7dUasWueqg=",
      "requires": {
        "fastparallel": "^2.3.0",
        "qlobber": "^5.0.0"
      }
    },
    "mqtt": {
      "version": "4.2.8",
      "resolved": "https://registry.nlark.com/mqtt/download/mqtt-4.2.8.tgz?cache=0&sync_timestamp=1628090650489&other_urls=https%3A%2F%2Fregistry.nlark.com%2Fmqtt%2Fdownload%2Fmqtt-4.2.8.tgz",
      "integrity": "sha1-8OVLE4vNrvbFXFR7Ok3pz5B0IIw=",
      "requires": {
        "commist": "^1.0.0",
        "concat-stream": "^2.0.0",
        "debug": "^4.1.1",
        "duplexify": "^4.1.1",
        "help-me": "^3.0.0",
        "inherits": "^2.0.3",
        "minimist": "^1.2.5",
        "mqtt-packet": "^6.8.0",
        "pump": "^3.0.0",
        "readable-stream": "^3.6.0",
        "reinterval": "^1.1.0",
        "split2": "^3.1.0",
        "ws": "^7.5.0",
        "xtend": "^4.0.2"
      }
    },
    "mqtt-packet": {
      "version": "6.10.0",
      "resolved": "https://registry.nlark.com/mqtt-packet/download/mqtt-packet-6.10.0.tgz",
      "integrity": "sha1-yLUHgyxBUuPlEcDvoQSuSmTNQY8=",
      "requires": {
        "bl": "^4.0.2",
        "debug": "^4.1.1",
        "process-nextick-args": "^2.0.1"
      }
    },
    "ms": {
      "version": "2.1.2",
      "resolved": "https://registry.npmmirror.com/ms/download/ms-2.1.2.tgz",
      "integrity": "sha1-0J0fNXtEP0kzgqjrPM0YOHKuYAk="
    },
    "once": {
      "version": "1.4.0",
      "resolved": "https://registry.npm.taobao.org/once/download/once-1.4.0.tgz",
      "integrity": "sha1-WDsap3WWHUsROsF9nFC6753Xa9E=",
      "requires": {
        "wrappy": "1"
      }
    },
    "path-is-absolute": {
      "version": "1.0.1",
      "resolved": "https://registry.npm.taobao.org/path-is-absolute/download/path-is-absolute-1.0.1.tgz",
      "integrity": "sha1-F0uSaHNVNP+8es5r9TpanhtcX18="
    },
    "process-nextick-args": {
      "version": "2.0.1",
      "resolved": "https://registry.npm.taobao.org/process-nextick-args/download/process-nextick-args-2.0.1.tgz",
      "integrity": "sha1-eCDZsWEgzFXKmud5JoCufbptf+I="
    },
    "pump": {
      "version": "3.0.0",
      "resolved": "https://registry.npm.taobao.org/pump/download/pump-3.0.0.tgz",
      "integrity": "sha1-tKIRaBW94vTh6mAjVOjHVWUQemQ=",
      "requires": {
        "end-of-stream": "^1.1.0",
        "once": "^1.3.1"
      }
    },
    "qlobber": {
      "version": "5.0.3",
      "resolved": "https://registry.npm.taobao.org/qlobber/download/qlobber-5.0.3.tgz",
      "integrity": "sha1-JHKNa6U4LVAsfgn2hguVqccWFc0="
    },
    "readable-stream": {
      "version": "3.6.0",
      "resolved": "https://registry.npm.taobao.org/readable-stream/download/readable-stream-3.6.0.tgz?cache=0&sync_timestamp=1581622984924&other_urls=https%3A%2F%2Fregistry.npm.taobao.org%2Freadable-stream%2Fdownload%2Freadable-stream-3.6.0.tgz",
      "integrity": "sha1-M3u9o63AcGvT4CRCaihtS0sskZg=",
      "requires": {
        "inherits": "^2.0.3",
        "string_decoder": "^1.1.1",
        "util-deprecate": "^1.0.1"
      }
    },
    "reinterval": {
      "version": "1.1.0",
      "resolved": "https://registry.npm.taobao.org/reinterval/download/reinterval-1.1.0.tgz",
      "integrity": "sha1-M2Hs+jymwYKDOA3Qu5VG85D17Oc="
    },
    "retimer": {
      "version": "3.0.0",
      "resolved": "https://registry.npm.taobao.org/retimer/download/retimer-3.0.0.tgz",
      "integrity": "sha1-mLdRsf6vGvE+sCKPjqaLj52lMN8="
    },
    "reusify": {
      "version": "1.0.4",
      "resolved": "https://registry.npm.taobao.org/reusify/download/reusify-1.0.4.tgz",
      "integrity": "sha1-kNo4Kx4SbvwCFG6QhFqI2xKSXXY="
    },
    "safe-buffer": {
      "version": "5.2.1",
      "resolved": "https://registry.npm.taobao.org/safe-buffer/download/safe-buffer-5.2.1.tgz?cache=0&sync_timestamp=1589129103371&other_urls=https%3A%2F%2Fregistry.npm.taobao.org%2Fsafe-buffer%2Fdownload%2Fsafe-buffer-5.2.1.tgz",
      "integrity": "sha1-Hq+fqb2x/dTsdfWPnNtOa3gn7sY="
    },
    "split2": {
      "version": "3.2.2",
      "resolved": "https://registry.npmmirror.com/split2/download/split2-3.2.2.tgz?cache=0&sync_timestamp=1635305175413&other_urls=https%3A%2F%2Fregistry.npmmirror.com%2Fsplit2%2Fdownload%2Fsplit2-3.2.2.tgz",
      "integrity": "sha1-vyzyo32DgxLCSciSBv16F90SNl8=",
      "requires": {
        "readable-stream": "^3.0.0"
      }
    },
    "stream-shift": {
      "version": "1.0.1",
      "resolved": "https://registry.npm.taobao.org/stream-shift/download/stream-shift-1.0.1.tgz",
      "integrity": "sha1-1wiCgVWasneEJCebCHfaPDktWj0="
    },
    "string_decoder": {
      "version": "1.3.0",
      "resolved": "https://registry.npm.taobao.org/string_decoder/download/string_decoder-1.3.0.tgz",
      "integrity": "sha1-QvEUWUpGzxqOMLCoT1bHjD7awh4=",
      "requires": {
        "safe-buffer": "~5.2.0"
      }
    },
    "typedarray": {
      "version": "0.0.6",
      "resolved": "https://registry.npm.taobao.org/typedarray/download/typedarray-0.0.6.tgz",
      "integrity": "sha1-hnrHTjhkGHsdPUfZlqeOxciDB3c="
    },
    "util-deprecate": {
      "version": "1.0.2",
      "resolved": "https://registry.npm.taobao.org/util-deprecate/download/util-deprecate-1.0.2.tgz",
      "integrity": "sha1-RQ1Nyfpw3nMnYvvS1KKJgUGaDM8="
    },
    "uuid": {
      "version": "8.3.2",
      "resolved": "https://registry.nlark.com/uuid/download/uuid-8.3.2.tgz",
      "integrity": "sha1-gNW1ztJxu5r2xEXyGhoExgbO++I="
    },
    "uuid-parse": {
      "version": "1.1.0",
      "resolved": "https://registry.nlark.com/uuid-parse/download/uuid-parse-1.1.0.tgz",
      "integrity": "sha1-cGHFoThK4OH5Q8U4CUWX4bXzpls="
    },
    "wrappy": {
      "version": "1.0.2",
      "resolved": "https://registry.nlark.com/wrappy/download/wrappy-1.0.2.tgz?cache=0&sync_timestamp=1619133505879&other_urls=https%3A%2F%2Fregistry.nlark.com%2Fwrappy%2Fdownload%2Fwrappy-1.0.2.tgz",
      "integrity": "sha1-tSQ9jz7BqjXxNkYFvA0QNuMKtp8="
    },
    "ws": {
      "version": "7.5.5",
      "resolved": "https://registry.npmmirror.com/ws/download/ws-7.5.5.tgz?cache=0&sync_timestamp=1633200113162&other_urls=https%3A%2F%2Fregistry.npmmirror.com%2Fws%2Fdownload%2Fws-7.5.5.tgz",
      "integrity": "sha1-i0vEr1GM+r0Ec65PmRRCh7M+uIE="
    },
    "xtend": {
      "version": "4.0.2",
      "resolved": "https://registry.npm.taobao.org/xtend/download/xtend-4.0.2.tgz",
      "integrity": "sha1-u3J3n1+kZRhrH0OPZ0+jR/2121Q="
    }
  }
}
